
Microsoft Visual Studio Solution File, Format Version 12.00
Project("{FAE04EC0-301F-11D3-BF4B-00C04F79EFBC}") = "Lab6", "Lab6\Lab6.csproj", "{B7D7C008-3295-48E7-959C-C7AD2284D410}"
EndProject
Global
	GlobalSection(SolutionConfigurationPlatforms) = preSolution
		Debug|Any CPU = Debug|Any CPU
		Release|Any CPU = Release|Any CPU
	EndGlobalSection
	GlobalSection(ProjectConfigurationPlatforms) = postSolution
		{B7D7C008-3295-48E7-959C-C7AD2284D410}.Debug|Any CPU.ActiveCfg = Debug|Any CPU
		{B7D7C008-3295-48E7-959C-C7AD2284D410}.Debug|Any CPU.Build.0 = Debug|Any CPU
		{B7D7C008-3295-48E7-959C-C7AD2284D410}.Release|Any CPU.ActiveCfg = Release|Any CPU
		{B7D7C008-3295-48E7-959C-C7AD2284D410}.Release|Any CPU.Build.0 = Release|Any CPU
	EndGlobalSection
EndGlobal
